// !$*UTF8*$!
{
	archiveVersion = 1;
	classes = {
	};
	objectVersion = 50;
	objects = {

/* Begin PBXBuildFile section */
		60A810BA25F5F8DB0007020A /* AppDelegate.swift in Sources */ = {isa = PBXBuildFile; fileRef = 60A810B925F5F8DB0007020A /* AppDelegate.swift */; };
		60A810BC25F5F8DB0007020A /* SceneDelegate.swift in Sources */ = {isa = PBXBuildFile; fileRef = 60A810BB25F5F8DB0007020A /* SceneDelegate.swift */; };
		60A810BE25F5F8DB0007020A /* ViewController.swift in Sources */ = {isa = PBXBuildFile; fileRef = 60A810BD25F5F8DB0007020A /* ViewController.swift */; };
		60A810C125F5F8DB0007020A /* Main.storyboard in Resources */ = {isa = PBXBuildFile; fileRef = 60A810BF25F5F8DB0007020A /* Main.storyboard */; };
		60A810C325F5F8DC0007020A /* Assets.xcassets in Resources */ = {isa = PBXBuildFile; fileRef = 60A810C225F5F8DC0007020A /* Assets.xcassets */; };
		60A810C625F5F8DC0007020A /* LaunchScreen.storyboard in Resources */ = {isa = PBXBuildFile; fileRef = 60A810C425F5F8DC0007020A /* LaunchScreen.storyboard */; };
		60A810D125F5F8DD0007020A /* calculatorTests.swift in Sources */ = {isa = PBXBuildFile; fileRef = 60A810D025F5F8DD0007020A /* calculatorTests.swift */; };
		60A810DC25F5F8DD0007020A /* calculatorUITests.swift in Sources */ = {isa = PBXBuildFile; fileRef = 60A810DB25F5F8DD0007020A /* calculatorUITests.swift */; };
/* End PBXBuildFile section */

/* Begin PBXContainerItemProxy section */
		60A810CD25F5F8DD0007020A /* PBXContainerItemProxy */ = {
			isa = PBXContainerItemProxy;
			containerPortal = 60A810AE25F5F8DB0007020A /* Project object */;
			proxyType = 1;
			remoteGlobalIDString = 60A810B525F5F8DB0007020A;
			remoteInfo = calculator;
		};
		60A810D825F5F8DD0007020A /* PBXContainerItemProxy */ = {
			isa = PBXContainerItemProxy;
			containerPortal = 60A810AE25F5F8DB0007020A /* Project object */;
			proxyType = 1;
			remoteGlobalIDString = 60A810B525F5F8DB0007020A;
			remoteInfo = calculator;
		};
/* End PBXContainerItemProxy section */

/* Begin PBXFileReference section */
		60A810B625F5F8DB0007020A /* calculator.app */ = {isa = PBXFileReference; explicitFileType = wrapper.application; includeInIndex = 0; path = calculator.app; sourceTree = BUILT_PRODUCTS_DIR; };
		60A810B925F5F8DB0007020A /* AppDelegate.swift */ = {isa = PBXFileReference; lastKnownFileType = sourcecode.swift; path = AppDelegate.swift; sourceTree = "<group>"; };
		60A810BB25F5F8DB0007020A /* SceneDelegate.swift */ = {isa = PBXFileReference; lastKnownFileType = sourcecode.swift; path = SceneDelegate.swift; sourceTree = "<group>"; };
		60A810BD25F5F8DB0007020A /* ViewController.swift */ = {isa = PBXFileReference; lastKnownFileType = sourcecode.swift; path = ViewController.swift; sourceTree = "<group>"; };
		60A810C025F5F8DB0007020A /* Base */ = {isa = PBXFileReference; lastKnownFileType = file.storyboard; name = Base; path = Base.lproj/Main.storyboard; sourceTree = "<group>"; };
		60A810C225F5F8DC0007020A /* Assets.xcassets */ = {isa = PBXFileReference; lastKnownFileType = folder.assetcatalog; path = Assets.xcassets; sourceTree = "<group>"; };
		60A810C525F5F8DC0007020A /* Base */ = {isa = PBXFileReference; lastKnownFileType = file.storyboard; name = Base; path = Base.lproj/LaunchScreen.storyboard; sourceTree = "<group>"; };
		60A810C725F5F8DC0007020A /* Info.plist */ = {isa = PBXFileReference; lastKnownFileType = text.plist.xml; path = Info.plist; sourceTree = "<group>"; };
		60A810CC25F5F8DD0007020A /* calculatorTests.xctest */ = {isa = PBXFileReference; explicitFileType = wrapper.cfbundle; includeInIndex = 0; path = calculatorTests.xctest; sourceTree = BUILT_PRODUCTS_DIR; };
		60A810D025F5F8DD0007020A /* calculatorTests.swift */ = {isa = PBXFileReference; lastKnownFileType = sourcecode.swift; path = calculatorTests.swift; sourceTree = "<group>"; };
		60A810D225F5F8DD0007020A /* Info.plist */ = {isa = PBXFileReference; lastKnownFileType = text.plist.xml; path = Info.plist; sourceTree = "<group>"; };
		60A810D725F5F8DD0007020A /* calculatorUITests.xctest */ = {isa = PBXFileReference; explicitFileType = wrapper.cfbundle; includeInIndex = 0; path = calculatorUITests.xctest; sourceTree = BUILT_PRODUCTS_DIR; };
		60A810DB25F5F8DD0007020A /* calculatorUITests.swift */ = {isa = PBXFileReference; lastKnownFileType = sourcecode.swift; path = calculatorUITests.swift; sourceTree = "<group>"; };
		60A810DD25F5F8DD0007020A /* Info.plist */ = {isa = PBXFileReference; lastKnownFileType = text.plist.xml; path = Info.plist; sourceTree = "<group>"; };
/* End PBXFileReference section */

/* Begin PBXFrameworksBuildPhase section */
		60A810B325F5F8DB0007020A /* Frameworks */ = {
			isa = PBXFrameworksBuildPhase;
			buildActionMask = 2147483647;
			files = (
			);
			runOnlyForDeploymentPostprocessing = 0;
		};
		60A810C925F5F8DD0007020A /* Frameworks */ = {
			isa = PBXFrameworksBuildPhase;
			buildActionMask = 2147483647;
			files = (
			);
			runOnlyForDeploymentPostprocessing = 0;
		};
		60A810D425F5F8DD0007020A /* Frameworks */ = {
			isa = PBXFrameworksBuildPhase;
			buildActionMask = 2147483647;
			files = (
			);
			runOnlyForDeploymentPostprocessing = 0;
		};
/* End PBXFrameworksBuildPhase section */

/* Begin PBXGroup section */
		60A810AD25F5F8DB0007020A = {
			isa = PBXGroup;
			children = (
				60A810B825F5F8DB0007020A /* calculator */,
				60A810CF25F5F8DD0007020A /* calculatorTests */,
				60A810DA25F5F8DD0007020A /* calculatorUITests */,
				60A810B725F5F8DB0007020A /* Products */,
			);
			sourceTree = "<group>";
		};
		60A810B725F5F8DB0007020A /* Products */ = {
			isa = PBXGroup;
			children = (
				60A810B625F5F8DB0007020A /* calculator.app */,
				60A810CC25F5F8DD0007020A /* calculatorTests.xctest */,
				60A810D725F5F8DD0007020A /* calculatorUITests.xctest */,
			);
			name = Products;
			sourceTree = "<group>";
		};
		60A810B825F5F8DB0007020A /* calculator */ = {
			isa = PBXGroup;
			children = (
				60A810B925F5F8DB0007020A /* AppDelegate.swift */,
				60A810BB25F5F8DB0007020A /* SceneDelegate.swift */,
				60A810BD25F5F8DB0007020A /* ViewController.swift */,
				60A810BF25F5F8DB0007020A /* Main.storyboard */,
				60A810C225F5F8DC0007020A /* Assets.xcassets */,
				60A810C425F5F8DC0007020A /* LaunchScreen.storyboard */,
				60A810C725F5F8DC0007020A /* Info.plist */,
			);
			path = calculator;
			sourceTree = "<group>";
		};
		60A810CF25F5F8DD0007020A /* calculatorTests */ = {
			isa = PBXGroup;
			children = (
				60A810D025F5F8DD0007020A /* calculatorTests.swift */,
				60A810D225F5F8DD0007020A /* Info.plist */,
			);
			path = calculatorTests;
			sourceTree = "<group>";
		};
		60A810DA25F5F8DD0007020A /* calculatorUITests */ = {
			isa = PBXGroup;
			children = (
				60A810DB25F5F8DD0007020A /* calculatorUITests.swift */,
				60A810DD25F5F8DD0007020A /* Info.plist */,
			);
			path = calculatorUITests;
			sourceTree = "<group>";
		};
/* End PBXGroup section */

/* Begin PBXNativeTarget section */
		60A810B525F5F8DB0007020A /* calculator */ = {
			isa = PBXNativeTarget;
			buildConfigurationList = 60A810E025F5F8DD0007020A /* Build configuration list for PBXNativeTarget "calculator" */;
			buildPhases = (
				60A810B225F5F8DB0007020A /* Sources */,
				60A810B325F5F8DB0007020A /* Frameworks */,
				60A810B425F5F8DB0007020A /* Resources */,
			);
			buildRules = (
			);
			dependencies = (
			);
			name = calculator;
			productName = calculator;
			productReference = 60A810B625F5F8DB0007020A /* calculator.app */;
			productType = "com.apple.product-type.application";
		};
		60A810CB25F5F8DD0007020A /* calculatorTests */ = {
			isa = PBXNativeTarget;
			buildConfigurationList = 60A810E325F5F8DD0007020A /* Build configuration list for PBXNativeTarget "calculatorTests" */;
			buildPhases = (
				60A810C825F5F8DD0007020A /* Sources */,
				60A810C925F5F8DD0007020A /* Frameworks */,
				60A810CA25F5F8DD0007020A /* Resources */,
			);
			buildRules = (
			);
			dependencies = (
				60A810CE25F5F8DD0007020A /* PBXTargetDependency */,
			);
			name = calculatorTests;
			productName = calculatorTests;
			productReference = 60A810CC25F5F8DD0007020A /* calculatorTests.xctest */;
			productType = "com.apple.product-type.bundle.unit-test";
		};
		60A810D625F5F8DD0007020A /* calculatorUITests */ = {
			isa = PBXNativeTarget;
			buildConfigurationList = 60A810E625F5F8DD0007020A /* Build configuration list for PBXNativeTarget "calculatorUITests" */;
			buildPhases = (
				60A810D325F5F8DD0007020A /* Sources */,
				60A810D425F5F8DD0007020A /* Frameworks */,
				60A810D525F5F8DD0007020A /* Resources */,
			);
			buildRules = (
			);
			dependencies = (
				60A810D925F5F8DD0007020A /* PBXTargetDependency */,
			);
			name = calculatorUITests;
			productName = calculatorUITests;
			productReference = 60A810D725F5F8DD0007020A /* calculatorUITests.xctest */;
			productType = "com.apple.product-type.bundle.ui-testing";
		};
/* End PBXNativeTarget section */

/* Begin PBXProject section */
		60A810AE25F5F8DB0007020A /* Project object */ = {
			isa = PBXProject;
			attributes = {
				LastSwiftUpdateCheck = 1240;
				LastUpgradeCheck = 1240;
				TargetAttributes = {
					60A810B525F5F8DB0007020A = {
						CreatedOnToolsVersion = 12.4;
					};
					60A810CB25F5F8DD0007020A = {
						CreatedOnToolsVersion = 12.4;
						TestTargetID = 60A810B525F5F8DB0007020A;
					};
					60A810D625F5F8DD0007020A = {
						CreatedOnToolsVersion = 12.4;
						TestTargetID = 60A810B525F5F8DB0007020A;
					};
				};
			};
			buildConfigurationList = 60A810B125F5F8DB0007020A /* Build configuration list for PBXProject "calculator" */;
			compatibilityVersion = "Xcode 9.3";
			developmentRegion = en;
			hasScannedForEncodings = 0;
			knownRegions = (
				en,
				Base,
			);
			mainGroup = 60A810AD25F5F8DB0007020A;
			productRefGroup = 60A810B725F5F8DB0007020A /* Products */;
			projectDirPath = "";
			projectRoot = "";
			targets = (
				60A810B525F5F8DB0007020A /* calculator */,
				60A810CB25F5F8DD0007020A /* calculatorTests */,
				60A810D625F5F8DD0007020A /* calculatorUITests */,
			);
		};
/* End PBXProject section */

/* Begin PBXResourcesBuildPhase section */
		60A810B425F5F8DB0007020A /* Resources */ = {
			isa = PBXResourcesBuildPhase;
			buildActionMask = 2147483647;
			files = (
				60A810C625F5F8DC0007020A /* LaunchScreen.storyboard in Resources */,
				60A810C325F5F8DC0007020A /* Assets.xcassets in Resources */,
				60A810C125F5F8DB0007020A /* Main.storyboard in Resources */,
			);
			runOnlyForDeploymentPostprocessing = 0;
		};
		60A810CA25F5F8DD0007020A /* Resources */ = {
			isa = PBXResourcesBuildPhase;
			buildActionMask = 2147483647;
			files = (
			);
			runOnlyForDeploymentPostprocessing = 0;
		};
		60A810D525F5F8DD0007020A /* Resources */ = {
			isa = PBXResourcesBuildPhase;
			buildActionMask = 2147483647;
			files = (
			);
			runOnlyForDeploymentPostprocessing = 0;
		};
/* End PBXResourcesBuildPhase section */

/* Begin PBXSourcesBuildPhase section */
		60A810B225F5F8DB0007020A /* Sources */ = {
			isa = PBXSourcesBuildPhase;
			buildActionMask = 2147483647;
			files = (
				60A810BE25F5F8DB0007020A /* ViewController.swift in Sources */,
				60A810BA25F5F8DB0007020A /* AppDelegate.swift in Sources */,
				60A810BC25F5F8DB0007020A /* SceneDelegate.swift in Sources */,
			);
			runOnlyForDeploymentPostprocessing = 0;
		};
		60A810C825F5F8DD0007020A /* Sources */ = {
			isa = PBXSourcesBuildPhase;
			buildActionMask = 2147483647;
			files = (
				60A810D125F5F8DD0007020A /* calculatorTests.swift in Sources */,
			);
			runOnlyForDeploymentPostprocessing = 0;
		};
		60A810D325F5F8DD0007020A /* Sources */ = {
			isa = PBXSourcesBuildPhase;
			buildActionMask = 2147483647;
			files = (
				60A810DC25F5F8DD0007020A /* calculatorUITests.swift in Sources */,
			);
			runOnlyForDeploymentPostprocessing = 0;
		};
/* End PBXSourcesBuildPhase section */

/* Begin PBXTargetDependency section */
		60A810CE25F5F8DD0007020A /* PBXTargetDependency */ = {
			isa = PBXTargetDependency;
			target = 60A810B525F5F8DB0007020A /* calculator */;
			targetProxy = 60A810CD25F5F8DD0007020A /* PBXContainerItemProxy */;
		};
		60A810D925F5F8DD0007020A /* PBXTargetDependency */ = {
			isa = PBXTargetDependency;
			target = 60A810B525F5F8DB0007020A /* calculator */;
			targetProxy = 60A810D825F5F8DD0007020A /* PBXContainerItemProxy */;
		};
/* End PBXTargetDependency section */

/* Begin PBXVariantGroup section */
		60A810BF25F5F8DB0007020A /* Main.storyboard */ = {
			isa = PBXVariantGroup;
			children = (
				60A810C025F5F8DB0007020A /* Base */,
			);
			name = Main.storyboard;
			sourceTree = "<group>";
		};
		60A810C425F5F8DC0007020A /* LaunchScreen.storyboard */ = {
			isa = PBXVariantGroup;
			children = (
				60A810C525F5F8DC0007020A /* Base */,
			);
			name = LaunchScreen.storyboard;
			sourceTree = "<group>";
		};
/* End PBXVariantGroup section */

/* Begin XCBuildConfiguration section */
		60A810DE25F5F8DD0007020A /* Debug */ = {
			isa = XCBuildConfiguration;
			buildSettings = {
				ALWAYS_SEARCH_USER_PATHS = NO;
				CLANG_ANALYZER_NONNULL = YES;
				CLANG_ANALYZER_NUMBER_OBJECT_CONVERSION = YES_AGGRESSIVE;
				CLANG_CXX_LANGUAGE_STANDARD = "gnu++14";
				CLANG_CXX_LIBRARY = "libc++";
				CLANG_ENABLE_MODULES = YES;
				CLANG_ENABLE_OBJC_ARC = YES;
				CLANG_ENABLE_OBJC_WEAK = YES;
				CLANG_WARN_BLOCK_CAPTURE_AUTORELEASING = YES;
				CLANG_WARN_BOOL_CONVERSION = YES;
				CLANG_WARN_COMMA = YES;
				CLANG_WARN_CONSTANT_CONVERSION = YES;
				CLANG_WARN_DEPRECATED_OBJC_IMPLEMENTATIONS = YES;
				CLANG_WARN_DIRECT_OBJC_ISA_USAGE = YES_ERROR;
				CLANG_WARN_DOCUMENTATION_COMMENTS = YES;
				CLANG_WARN_EMPTY_BODY = YES;
				CLANG_WARN_ENUM_CONVERSION = YES;
				CLANG_WARN_INFINITE_RECURSION = YES;
				CLANG_WARN_INT_CONVERSION = YES;
				CLANG_WARN_NON_LITERAL_NULL_CONVERSION = YES;
				CLANG_WARN_OBJC_IMPLICIT_RETAIN_SELF = YES;
				CLANG_WARN_OBJC_LITERAL_CONVERSION = YES;
				CLANG_WARN_OBJC_ROOT_CLASS = YES_ERROR;
				CLANG_WARN_QUOTED_INCLUDE_IN_FRAMEWORK_HEADER = YES;
				CLANG_WARN_RANGE_LOOP_ANALYSIS = YES;
				CLANG_WARN_STRICT_PROTOTYPES = YES;
				CLANG_WARN_SUSPICIOUS_MOVE = YES;
				CLANG_WARN_UNGUARDED_AVAILABILITY = YES_AGGRESSIVE;
				CLANG_WARN_UNREACHABLE_CODE = YES;
				CLANG_WARN__DUPLICATE_METHOD_MATCH = YES;
				COPY_PHASE_STRIP = NO;
				DEBUG_INFORMATION_FORMAT = dwarf;
				ENABLE_STRICT_OBJC_MSGSEND = YES;
				ENABLE_TESTABILITY = YES;
				GCC_C_LANGUAGE_STANDARD = gnu11;
				GCC_DYNAMIC_NO_PIC = NO;
				GCC_NO_COMMON_BLOCKS = YES;
				GCC_OPTIMIZATION_LEVEL = 0;
				GCC_PREPROCESSOR_DEFINITIONS = (
					"DEBUG=1",
					"$(inherited)",
				);
				GCC_WARN_64_TO_32_BIT_CONVERSION = YES;
				GCC_WARN_ABOUT_RETURN_TYPE = YES_ERROR;
				GCC_WARN_UNDECLARED_SELECTOR = YES;
				GCC_WARN_UNINITIALIZED_AUTOS = YES_AGGRESSIVE;
				GCC_WARN_UNUSED_FUNCTION = YES;
				GCC_WARN_UNUSED_VARIABLE = YES;
				IPHONEOS_DEPLOYMENT_TARGET = 14.4;
				MTL_ENABLE_DEBUG_INFO = INCLUDE_SOURCE;
				MTL_FAST_MATH = YES;
				ONLY_ACTIVE_ARCH = YES;
				SDKROOT = iphoneos;
				SWIFT_ACTIVE_COMPILATION_CONDITIONS = DEBUG;
				SWIFT_OPTIMIZATION_LEVEL = "-Onone";
			};
			name = Debug;
		};
		60A810DF25F5F8DD0007020A /* Release */ = {
			isa = XCBuildConfiguration;
			buildSettings = {
				ALWAYS_SEARCH_USER_PATHS = NO;
				CLANG_ANALYZER_NONNULL = YES;
				CLANG_ANALYZER_NUMBER_OBJECT_CONVERSION = YES_AGGRESSIVE;
				CLANG_CXX_LANGUAGE_STANDARD = "gnu++14";
				CLANG_CXX_LIBRARY = "libc++";
				CLANG_ENABLE_MODULES = YES;
				CLANG_ENABLE_OBJC_ARC = YES;
				CLANG_ENABLE_OBJC_WEAK = YES;
				CLANG_WARN_BLOCK_CAPTURE_AUTORELEASING = YES;
				CLANG_WARN_BOOL_CONVERSION = YES;
				CLANG_WARN_COMMA = YES;
				CLANG_WARN_CONSTANT_CONVERSION = YES;
				CLANG_WARN_DEPRECATED_OBJC_IMPLEMENTATIONS = YES;
				CLANG_WARN_DIRECT_OBJC_ISA_USAGE = YES_ERROR;
				CLANG_WARN_DOCUMENTATION_COMMENTS = YES;
				CLANG_WARN_EMPTY_BODY = YES;
				CLANG_WARN_ENUM_CONVERSION = YES;
				CLANG_WARN_INFINITE_RECURSION = YES;
				CLANG_WARN_INT_CONVERSION = YES;
				CLANG_WARN_NON_LITERAL_NULL_CONVERSION = YES;
				CLANG_WARN_OBJC_IMPLICIT_RETAIN_SELF = YES;
				CLANG_WARN_OBJC_LITERAL_CONVERSION = YES;
				CLANG_WARN_OBJC_ROOT_CLASS = YES_ERROR;
				CLANG_WARN_QUOTED_INCLUDE_IN_FRAMEWORK_HEADER = YES;
				CLANG_WARN_RANGE_LOOP_ANALYSIS = YES;
				CLANG_WARN_STRICT_PROTOTYPES = YES;
				CLANG_WARN_SUSPICIOUS_MOVE = YES;
				CLANG_WARN_UNGUARDED_AVAILABILITY = YES_AGGRESSIVE;
				CLANG_WARN_UNREACHABLE_CODE = YES;
				CLANG_WARN__DUPLICATE_METHOD_MATCH = YES;
				COPY_PHASE_STRIP = NO;
				DEBUG_INFORMATION_FORMAT = "dwarf-with-dsym";
				ENABLE_NS_ASSERTIONS = NO;
				ENABLE_STRICT_OBJC_MSGSEND = YES;
				GCC_C_LANGUAGE_STANDARD = gnu11;
				GCC_NO_COMMON_BLOCKS = YES;
				GCC_WARN_64_TO_32_BIT_CONVERSION = YES;
				GCC_WARN_ABOUT_RETURN_TYPE = YES_ERROR;
				GCC_WARN_UNDECLARED_SELECTOR = YES;
				GCC_WARN_UNINITIALIZED_AUTOS = YES_AGGRESSIVE;
				GCC_WARN_UNUSED_FUNCTION = YES;
				GCC_WARN_UNUSED_VARIABLE = YES;
				IPHONEOS_DEPLOYMENT_TARGET = 14.4;
				MTL_ENABLE_DEBUG_INFO = NO;
				MTL_FAST_MATH = YES;
				SDKROOT = iphoneos;
				SWIFT_COMPILATION_MODE = wholemodule;
				SWIFT_OPTIMIZATION_LEVEL = "-O";
				VALIDATE_PRODUCT = YES;
			};
			name = Release;
		};
		60A810E125F5F8DD0007020A /* Debug */ = {
			isa = XCBuildConfiguration;
			buildSettings = {
				ASSETCATALOG_COMPILER_APPICON_NAME = AppIcon;
				ASSETCATALOG_COMPILER_GLOBAL_ACCENT_COLOR_NAME = AccentColor;
				CODE_SIGN_STYLE = Automatic;
				DEVELOPMENT_TEAM = R639393QLW;
				INFOPLIST_FILE = calculator/Info.plist;
				LD_RUNPATH_SEARCH_PATHS = (
					"$(inherited)",
					"@executable_path/Frameworks",
				);
				PRODUCT_BUNDLE_IDENTIFIER = org.ntutcsie.guyleaf.calculator;
				PRODUCT_NAME = "$(TARGET_NAME)";
				SWIFT_VERSION = 5.0;
				TARGETED_DEVICE_FAMILY = "1,2";
			};
			name = Debug;
		};
		60A810E225F5F8DD0007020A /* Release */ = {
			isa = XCBuildConfiguration;
			buildSettings = {
				ASSETCATALOG_COMPILER_APPICON_NAME = AppIcon;
				ASSETCATALOG_COMPILER_GLOBAL_ACCENT_COLOR_NAME = AccentColor;
				CODE_SIGN_STYLE = Automatic;
				DEVELOPMENT_TEAM = R639393QLW;
				INFOPLIST_FILE = calculator/Info.plist;
				LD_RUNPATH_SEARCH_PATHS = (
					"$(inherited)",
					"@executable_path/Frameworks",
				);
				PRODUCT_BUNDLE_IDENTIFIER = org.ntutcsie.guyleaf.calculator;
				PRODUCT_NAME = "$(TARGET_NAME)";
				SWIFT_VERSION = 5.0;
				TARGETED_DEVICE_FAMILY = "1,2";
			};
			name = Release;
		};
		60A810E425F5F8DD0007020A /* Debug */ = {
			isa = XCBuildConfiguration;
			buildSettings = {
				ALWAYS_EMBED_SWIFT_STANDARD_LIBRARIES = YES;
				BUNDLE_LOADER = "$(TEST_HOST)";
				CODE_SIGN_STYLE = Automatic;
				DEVELOPMENT_TEAM = R639393QLW;
				INFOPLIST_FILE = calculatorTests/Info.plist;
				IPHONEOS_DEPLOYMENT_TARGET = 14.4;
				LD_RUNPATH_SEARCH_PATHS = (
					"$(inherited)",
					"@executable_path/Frameworks",
					"@loader_path/Frameworks",
				);
				PRODUCT_BUNDLE_IDENTIFIER = org.ntutcsie.guyleaf.calculatorTests;
				PRODUCT_NAME = "$(TARGET_NAME)";
				SWIFT_VERSION = 5.0;
				TARGETED_DEVICE_FAMILY = "1,2";
				TEST_HOST = "$(BUILT_PRODUCTS_DIR)/calculator.app/calculator";
			};
			name = Debug;
		};
		60A810E525F5F8DD0007020A /* Release */ = {
			isa = XCBuildConfiguration;
			buildSettings = {
				ALWAYS_EMBED_SWIFT_STANDARD_LIBRARIES = YES;
				BUNDLE_LOADER = "$(TEST_HOST)";
				CODE_SIGN_STYLE = Automatic;
				DEVELOPMENT_TEAM = R639393QLW;
				INFOPLIST_FILE = calculatorTests/Info.plist;
				IPHONEOS_DEPLOYMENT_TARGET = 14.4;
				LD_RUNPATH_SEARCH_PATHS = (
					"$(inherited)",
					"@executable_path/Frameworks",
					"@loader_path/Frameworks",
				);
				PRODUCT_BUNDLE_IDENTIFIER = org.ntutcsie.guyleaf.calculatorTests;
				PRODUCT_NAME = "$(TARGET_NAME)";
				SWIFT_VERSION = 5.0;
				TARGETED_DEVICE_FAMILY = "1,2";
				TEST_HOST = "$(BUILT_PRODUCTS_DIR)/calculator.app/calculator";
			};
			name = Release;
		};
		60A810E725F5F8DD0007020A /* Debug */ = {
			isa = XCBuildConfiguration;
			buildSettings = {
				ALWAYS_EMBED_SWIFT_STANDARD_LIBRARIES = YES;
				CODE_SIGN_STYLE = Automatic;
				DEVELOPMENT_TEAM = R639393QLW;
				INFOPLIST_FILE = calculatorUITests/Info.plist;
				LD_RUNPATH_SEARCH_PATHS = (
					"$(inherited)",
					"@executable_path/Frameworks",
					"@loader_path/Frameworks",
				);
				PRODUCT_BUNDLE_IDENTIFIER = org.ntutcsie.guyleaf.calculatorUITests;
				PRODUCT_NAME = "$(TARGET_NAME)";
				SWIFT_VERSION = 5.0;
				TARGETED_DEVICE_FAMILY = "1,2";
				TEST_TARGET_NAME = calculator;
			};
			name = Debug;
		};
		60A810E825F5F8DD0007020A /* Release */ = {
			isa = XCBuildConfiguration;
			buildSettings = {
				ALWAYS_EMBED_SWIFT_STANDARD_LIBRARIES = YES;
				CODE_SIGN_STYLE = Automatic;
				DEVELOPMENT_TEAM = R639393QLW;
				INFOPLIST_FILE = calculatorUITests/Info.plist;
				LD_RUNPATH_SEARCH_PATHS = (
					"$(inherited)",
					"@executable_path/Frameworks",
					"@loader_path/Frameworks",
				);
				PRODUCT_BUNDLE_IDENTIFIER = org.ntutcsie.guyleaf.calculatorUITests;
				PRODUCT_NAME = "$(TARGET_NAME)";
				SWIFT_VERSION = 5.0;
				TARGETED_DEVICE_FAMILY = "1,2";
				TEST_TARGET_NAME = calculator;
			};
			name = Release;
		};
/* End XCBuildConfiguration section */

/* Begin XCConfigurationList section */
		60A810B125F5F8DB0007020A /* Build configuration list for PBXProject "calculator" */ = {
			isa = XCConfigurationList;
			buildConfigurations = (
				60A810DE25F5F8DD0007020A /* Debug */,
				60A810DF25F5F8DD0007020A /* Release */,
			);
			defaultConfigurationIsVisible = 0;
			defaultConfigurationName = Release;
		};
		60A810E025F5F8DD0007020A /* Build configuration list for PBXNativeTarget "calculator" */ = {
			isa = XCConfigurationList;
			buildConfigurations = (
				60A810E125F5F8DD0007020A /* Debug */,
				60A810E225F5F8DD0007020A /* Release */,
			);
			defaultConfigurationIsVisible = 0;
			defaultConfigurationName = Release;
		};
		60A810E325F5F8DD0007020A /* Build configuration list for PBXNativeTarget "calculatorTests" */ = {
			isa = XCConfigurationList;
			buildConfigurations = (
				60A810E425F5F8DD0007020A /* Debug */,
				60A810E525F5F8DD0007020A /* Release */,
			);
			defaultConfigurationIsVisible = 0;
			defaultConfigurationName = Release;
		};
		60A810E625F5F8DD0007020A /* Build configuration list for PBXNativeTarget "calculatorUITests" */ = {
			isa = XCConfigurationList;
			buildConfigurations = (
				60A810E725F5F8DD0007020A /* Debug */,
				60A810E825F5F8DD0007020A /* Release */,
			);
			defaultConfigurationIsVisible = 0;
			defaultConfigurationName = Release;
		};
/* End XCConfigurationList section */
	};
	rootObject = 60A810AE25F5F8DB0007020A /* Project object */;
}
